
Microsoft Visual Studio Solution File, Format Version 10.00
# Visual Studio 2008
Project("{FAE04EC0-301F-11D3-BF4B-00C04F79EFBC}") = "AccountPlus.Setup.CustomActions", "AccountPlus.Setup.CustomActions\AccountPlus.Setup.CustomActions.csproj", "{033B84A4-4368-4367-9C2A-5D45004BA6B7}"
EndProject
Global
	GlobalSection(SolutionConfigurationPlatforms) = preSolution
		Debug|Any CPU = Debug|Any CPU
		Release|Any CPU = Release|Any CPU
	EndGlobalSection
	GlobalSection(ProjectConfigurationPlatforms) = postSolution
		{033B84A4-4368-4367-9C2A-5D45004BA6B7}.Debug|Any CPU.ActiveCfg = Debug|Any CPU
		{033B84A4-4368-4367-9C2A-5D45004BA6B7}.Debug|Any CPU.Build.0 = Debug|Any CPU
		{033B84A4-4368-4367-9C2A-5D45004BA6B7}.Release|Any CPU.ActiveCfg = Release|Any CPU
		{033B84A4-4368-4367-9C2A-5D45004BA6B7}.Release|Any CPU.Build.0 = Release|Any CPU
	EndGlobalSection
	GlobalSection(SolutionProperties) = preSolution
		HideSolutionNode = FALSE
	EndGlobalSection
EndGlobal
