
Microsoft Visual Studio Solution File, Format Version 10.00
# Visual Studio 2008
Project("{54435603-DBB4-11D2-8724-00A0C9A8B90C}") = "AccountPlus.Setup", "AccountPlus.Setup\AccountPlus.Setup.vdproj", "{F85DF6F4-5863-47E2-8236-0C0F8A5045BF}"
EndProject
Global
	GlobalSection(SolutionConfigurationPlatforms) = preSolution
		Debug|Default = Debug|Default
		Release|Default = Release|Default
	EndGlobalSection
	GlobalSection(ProjectConfigurationPlatforms) = postSolution
		{F85DF6F4-5863-47E2-8236-0C0F8A5045BF}.Debug|Default.ActiveCfg = Debug
		{F85DF6F4-5863-47E2-8236-0C0F8A5045BF}.Debug|Default.Build.0 = Debug
		{F85DF6F4-5863-47E2-8236-0C0F8A5045BF}.Release|Default.ActiveCfg = Release
		{F85DF6F4-5863-47E2-8236-0C0F8A5045BF}.Release|Default.Build.0 = Release
	EndGlobalSection
	GlobalSection(SolutionProperties) = preSolution
		HideSolutionNode = FALSE
	EndGlobalSection
EndGlobal
